
Microsoft Visual Studio Solution File, Format Version 12.00
# Visual Studio for Mac
Project("{FAE04EC0-301F-11D3-BF4B-00C04F79EFBC}") = "Pcx", "Pcx.csproj", "{4058984D-99AE-269E-1B7D-511079E636F5}"
EndProject
Project("{FAE04EC0-301F-11D3-BF4B-00C04F79EFBC}") = "Assembly-CSharp", "Assembly-CSharp.csproj", "{FA8267FC-10E0-D344-EF43-3E89A6F777F4}"
EndProject
Project("{FAE04EC0-301F-11D3-BF4B-00C04F79EFBC}") = "Assembly-CSharp-firstpass", "Assembly-CSharp-firstpass.csproj", "{9C5A17FE-9F86-E5E7-DC73-73A825873DAE}"
EndProject
Project("{FAE04EC0-301F-11D3-BF4B-00C04F79EFBC}") = "Pcx.Editor", "Pcx.Editor.csproj", "{6FCC72F7-B882-0A68-9F49-853D258F0C91}"
EndProject
Project("{FAE04EC0-301F-11D3-BF4B-00C04F79EFBC}") = "Assembly-CSharp-Editor-firstpass", "Assembly-CSharp-Editor-firstpass.csproj", "{22227BF4-E669-16BB-DAE0-44021F90AAE8}"
EndProject
Global
	GlobalSection(SolutionConfigurationPlatforms) = preSolution
		Debug|Any CPU = Debug|Any CPU
		Release|Any CPU = Release|Any CPU
	EndGlobalSection
	GlobalSection(ProjectConfigurationPlatforms) = postSolution
		{4058984D-99AE-269E-1B7D-511079E636F5}.Debug|Any CPU.ActiveCfg = Debug|Any CPU
		{4058984D-99AE-269E-1B7D-511079E636F5}.Debug|Any CPU.Build.0 = Debug|Any CPU
		{4058984D-99AE-269E-1B7D-511079E636F5}.Release|Any CPU.ActiveCfg = Release|Any CPU
		{4058984D-99AE-269E-1B7D-511079E636F5}.Release|Any CPU.Build.0 = Release|Any CPU
		{FA8267FC-10E0-D344-EF43-3E89A6F777F4}.Debug|Any CPU.ActiveCfg = Debug|Any CPU
		{FA8267FC-10E0-D344-EF43-3E89A6F777F4}.Debug|Any CPU.Build.0 = Debug|Any CPU
		{FA8267FC-10E0-D344-EF43-3E89A6F777F4}.Release|Any CPU.ActiveCfg = Release|Any CPU
		{FA8267FC-10E0-D344-EF43-3E89A6F777F4}.Release|Any CPU.Build.0 = Release|Any CPU
		{9C5A17FE-9F86-E5E7-DC73-73A825873DAE}.Debug|Any CPU.ActiveCfg = Debug|Any CPU
		{9C5A17FE-9F86-E5E7-DC73-73A825873DAE}.Debug|Any CPU.Build.0 = Debug|Any CPU
		{9C5A17FE-9F86-E5E7-DC73-73A825873DAE}.Release|Any CPU.ActiveCfg = Release|Any CPU
		{9C5A17FE-9F86-E5E7-DC73-73A825873DAE}.Release|Any CPU.Build.0 = Release|Any CPU
		{6FCC72F7-B882-0A68-9F49-853D258F0C91}.Debug|Any CPU.ActiveCfg = Debug|Any CPU
		{6FCC72F7-B882-0A68-9F49-853D258F0C91}.Debug|Any CPU.Build.0 = Debug|Any CPU
		{6FCC72F7-B882-0A68-9F49-853D258F0C91}.Release|Any CPU.ActiveCfg = Release|Any CPU
		{6FCC72F7-B882-0A68-9F49-853D258F0C91}.Release|Any CPU.Build.0 = Release|Any CPU
		{22227BF4-E669-16BB-DAE0-44021F90AAE8}.Debug|Any CPU.ActiveCfg = Debug|Any CPU
		{22227BF4-E669-16BB-DAE0-44021F90AAE8}.Debug|Any CPU.Build.0 = Debug|Any CPU
		{22227BF4-E669-16BB-DAE0-44021F90AAE8}.Release|Any CPU.ActiveCfg = Release|Any CPU
		{22227BF4-E669-16BB-DAE0-44021F90AAE8}.Release|Any CPU.Build.0 = Release|Any CPU
	EndGlobalSection
	GlobalSection(SolutionProperties) = preSolution
		HideSolutionNode = FALSE
	EndGlobalSection
EndGlobal
